
Microsoft Visual Studio Solution File, Format Version 12.00
# Visual Studio Version 17
VisualStudioVersion = 17.10.35004.147
MinimumVisualStudioVersion = 10.0.40219.1
Project("{FAE04EC0-301F-11D3-BF4B-00C04F79EFBC}") = "Clients.Api", "Clients.Api\Clients.Api.csproj", "{D2FDA86B-845F-4136-87F4-30EAB8C5279C}"
	ProjectSection(ProjectDependencies) = postProject
		{4742C82C-7326-45CD-9D7E-B3DAC1D704B8} = {4742C82C-7326-45CD-9D7E-B3DAC1D704B8}
		{DC0B37BA-68C1-46E2-B533-E33E30297682} = {DC0B37BA-68C1-46E2-B533-E33E30297682}
	EndProjectSection
EndProject
Project("{FAE04EC0-301F-11D3-BF4B-00C04F79EFBC}") = "Clients.Application", "Clients.Application\Clients.Application.csproj", "{4742C82C-7326-45CD-9D7E-B3DAC1D704B8}"
	ProjectSection(ProjectDependencies) = postProject
		{04E9A4C4-8EB1-48ED-B221-3A36061E71F4} = {04E9A4C4-8EB1-48ED-B221-3A36061E71F4}
	EndProjectSection
EndProject
Project("{FAE04EC0-301F-11D3-BF4B-00C04F79EFBC}") = "Clients.Infrastructure", "Clients.Infrastructure\Clients.Infrastructure.csproj", "{DC0B37BA-68C1-46E2-B533-E33E30297682}"
	ProjectSection(ProjectDependencies) = postProject
		{04E9A4C4-8EB1-48ED-B221-3A36061E71F4} = {04E9A4C4-8EB1-48ED-B221-3A36061E71F4}
	EndProjectSection
EndProject
Project("{FAE04EC0-301F-11D3-BF4B-00C04F79EFBC}") = "Clients.Domain", "Clients.Domain\Clients.Domain.csproj", "{04E9A4C4-8EB1-48ED-B221-3A36061E71F4}"
EndProject
Global
	GlobalSection(SolutionConfigurationPlatforms) = preSolution
		Debug|Any CPU = Debug|Any CPU
		Release|Any CPU = Release|Any CPU
	EndGlobalSection
	GlobalSection(ProjectConfigurationPlatforms) = postSolution
		{D2FDA86B-845F-4136-87F4-30EAB8C5279C}.Debug|Any CPU.ActiveCfg = Debug|Any CPU
		{D2FDA86B-845F-4136-87F4-30EAB8C5279C}.Debug|Any CPU.Build.0 = Debug|Any CPU
		{D2FDA86B-845F-4136-87F4-30EAB8C5279C}.Release|Any CPU.ActiveCfg = Release|Any CPU
		{D2FDA86B-845F-4136-87F4-30EAB8C5279C}.Release|Any CPU.Build.0 = Release|Any CPU
		{4742C82C-7326-45CD-9D7E-B3DAC1D704B8}.Debug|Any CPU.ActiveCfg = Debug|Any CPU
		{4742C82C-7326-45CD-9D7E-B3DAC1D704B8}.Debug|Any CPU.Build.0 = Debug|Any CPU
		{4742C82C-7326-45CD-9D7E-B3DAC1D704B8}.Release|Any CPU.ActiveCfg = Release|Any CPU
		{4742C82C-7326-45CD-9D7E-B3DAC1D704B8}.Release|Any CPU.Build.0 = Release|Any CPU
		{DC0B37BA-68C1-46E2-B533-E33E30297682}.Debug|Any CPU.ActiveCfg = Debug|Any CPU
		{DC0B37BA-68C1-46E2-B533-E33E30297682}.Debug|Any CPU.Build.0 = Debug|Any CPU
		{DC0B37BA-68C1-46E2-B533-E33E30297682}.Release|Any CPU.ActiveCfg = Release|Any CPU
		{DC0B37BA-68C1-46E2-B533-E33E30297682}.Release|Any CPU.Build.0 = Release|Any CPU
		{04E9A4C4-8EB1-48ED-B221-3A36061E71F4}.Debug|Any CPU.ActiveCfg = Debug|Any CPU
		{04E9A4C4-8EB1-48ED-B221-3A36061E71F4}.Debug|Any CPU.Build.0 = Debug|Any CPU
		{04E9A4C4-8EB1-48ED-B221-3A36061E71F4}.Release|Any CPU.ActiveCfg = Release|Any CPU
		{04E9A4C4-8EB1-48ED-B221-3A36061E71F4}.Release|Any CPU.Build.0 = Release|Any CPU
	EndGlobalSection
	GlobalSection(SolutionProperties) = preSolution
		HideSolutionNode = FALSE
	EndGlobalSection
	GlobalSection(ExtensibilityGlobals) = postSolution
		SolutionGuid = {DB9E8183-3335-40A1-858A-9273BF38546B}
	EndGlobalSection
EndGlobal
